// !$*UTF8*$!
{
	archiveVersion = 1;
	classes = {
	};
	objectVersion = 46;
	objects = {

/* Begin PBXBuildFile section */
		9F24FC86161AAC0100A93048 /* UIKit.framework in Frameworks */ = {isa = PBXBuildFile; fileRef = 9F24FC85161AAC0100A93048 /* UIKit.framework */; };
		9F24FC88161AAC0100A93048 /* Foundation.framework in Frameworks */ = {isa = PBXBuildFile; fileRef = 9F24FC87161AAC0100A93048 /* Foundation.framework */; };
		9F24FC8A161AAC0100A93048 /* CoreGraphics.framework in Frameworks */ = {isa = PBXBuildFile; fileRef = 9F24FC89161AAC0100A93048 /* CoreGraphics.framework */; };
		9F24FC90161AAC0100A93048 /* InfoPlist.strings in Resources */ = {isa = PBXBuildFile; fileRef = 9F24FC8E161AAC0100A93048 /* InfoPlist.strings */; };
		9F24FC92161AAC0100A93048 /* main.m in Sources */ = {isa = PBXBuildFile; fileRef = 9F24FC91161AAC0100A93048 /* main.m */; };
		9F24FC96161AAC0100A93048 /* AppDelegate.m in Sources */ = {isa = PBXBuildFile; fileRef = 9F24FC95161AAC0100A93048 /* AppDelegate.m */; };
		9F24FC98161AAC0200A93048 /* Default.png in Resources */ = {isa = PBXBuildFile; fileRef = 9F24FC97161AAC0200A93048 /* Default.png */; };
		9F24FC9A161AAC0200A93048 /* Default@2x.png in Resources */ = {isa = PBXBuildFile; fileRef = 9F24FC99161AAC0200A93048 /* Default@2x.png */; };
		9F24FC9C161AAC0200A93048 /* Default-568h@2x.png in Resources */ = {isa = PBXBuildFile; fileRef = 9F24FC9B161AAC0200A93048 /* Default-568h@2x.png */; };
		9F24FC9F161AAC0200A93048 /* MainStoryboard.storyboard in Resources */ = {isa = PBXBuildFile; fileRef = 9F24FC9D161AAC0200A93048 /* MainStoryboard.storyboard */; };
		9F24FCA2161AAC0200A93048 /* TimelineViewController.m in Sources */ = {isa = PBXBuildFile; fileRef = 9F24FCA1161AAC0200A93048 /* TimelineViewController.m */; };
		9F24FCB5161AB09500A93048 /* TPTentClient.m in Sources */ = {isa = PBXBuildFile; fileRef = 9F24FCB4161AB09500A93048 /* TPTentClient.m */; };
		9F24FEA7161AB0BE00A93048 /* NSData+SSToolkitAdditions.m in Sources */ = {isa = PBXBuildFile; fileRef = 9F24FE42161AB0BE00A93048 /* NSData+SSToolkitAdditions.m */; };
		9F24FEA9161AB0BE00A93048 /* NSDictionary+SSToolkitAdditions.m in Sources */ = {isa = PBXBuildFile; fileRef = 9F24FE46161AB0BE00A93048 /* NSDictionary+SSToolkitAdditions.m */; };
		9F24FEAC161AB0BE00A93048 /* NSString+SSToolkitAdditions.m in Sources */ = {isa = PBXBuildFile; fileRef = 9F24FE4C161AB0BE00A93048 /* NSString+SSToolkitAdditions.m */; };
		9F24FEAD161AB0BE00A93048 /* NSURL+SSToolkitAdditions.m in Sources */ = {isa = PBXBuildFile; fileRef = 9F24FE4E161AB0BE00A93048 /* NSURL+SSToolkitAdditions.m */; };
		9F24FEEB161AB0C500A93048 /* AFHTTPClient.m in Sources */ = {isa = PBXBuildFile; fileRef = 9F24FED9161AB0C500A93048 /* AFHTTPClient.m */; };
		9F24FEEC161AB0C500A93048 /* AFHTTPRequestOperation.m in Sources */ = {isa = PBXBuildFile; fileRef = 9F24FEDB161AB0C500A93048 /* AFHTTPRequestOperation.m */; };
		9F24FEED161AB0C500A93048 /* AFImageRequestOperation.m in Sources */ = {isa = PBXBuildFile; fileRef = 9F24FEDD161AB0C500A93048 /* AFImageRequestOperation.m */; };
		9F24FEEE161AB0C500A93048 /* AFJSONRequestOperation.m in Sources */ = {isa = PBXBuildFile; fileRef = 9F24FEDF161AB0C500A93048 /* AFJSONRequestOperation.m */; };
		9F24FEEF161AB0C500A93048 /* AFNetworkActivityIndicatorManager.m in Sources */ = {isa = PBXBuildFile; fileRef = 9F24FEE1161AB0C500A93048 /* AFNetworkActivityIndicatorManager.m */; };
		9F24FEF0161AB0C500A93048 /* AFPropertyListRequestOperation.m in Sources */ = {isa = PBXBuildFile; fileRef = 9F24FEE4161AB0C500A93048 /* AFPropertyListRequestOperation.m */; };
		9F24FEF1161AB0C500A93048 /* AFURLConnectionOperation.m in Sources */ = {isa = PBXBuildFile; fileRef = 9F24FEE6161AB0C500A93048 /* AFURLConnectionOperation.m */; };
		9F24FEF2161AB0C500A93048 /* AFXMLRequestOperation.m in Sources */ = {isa = PBXBuildFile; fileRef = 9F24FEE8161AB0C500A93048 /* AFXMLRequestOperation.m */; };
		9F24FEF3161AB0C500A93048 /* UIImageView+AFNetworking.m in Sources */ = {isa = PBXBuildFile; fileRef = 9F24FEEA161AB0C500A93048 /* UIImageView+AFNetworking.m */; };
		9F24FEF6161AB1DA00A93048 /* TentStatusClient.m in Sources */ = {isa = PBXBuildFile; fileRef = 9F24FEF5161AB1D900A93048 /* TentStatusClient.m */; };
		9F24FF01161AC6CF00A93048 /* TPTentHTTPClient.m in Sources */ = {isa = PBXBuildFile; fileRef = 9F24FF00161AB80E00A93048 /* TPTentHTTPClient.m */; };
		9FB912E3161ACAC20092FA0F /* StatusPost.m in Sources */ = {isa = PBXBuildFile; fileRef = 9FB912E2161ACAC10092FA0F /* StatusPost.m */; };
		9FB912EE161B0AC40092FA0F /* StatusPostCell.m in Sources */ = {isa = PBXBuildFile; fileRef = 9FB912ED161B0AC40092FA0F /* StatusPostCell.m */; };
/* End PBXBuildFile section */

/* Begin PBXFileReference section */
		9F24FC81161AAC0100A93048 /* TentStatusExample.app */ = {isa = PBXFileReference; explicitFileType = wrapper.application; includeInIndex = 0; path = TentStatusExample.app; sourceTree = BUILT_PRODUCTS_DIR; };
		9F24FC85161AAC0100A93048 /* UIKit.framework */ = {isa = PBXFileReference; lastKnownFileType = wrapper.framework; name = UIKit.framework; path = System/Library/Frameworks/UIKit.framework; sourceTree = SDKROOT; };
		9F24FC87161AAC0100A93048 /* Foundation.framework */ = {isa = PBXFileReference; lastKnownFileType = wrapper.framework; name = Foundation.framework; path = System/Library/Frameworks/Foundation.framework; sourceTree = SDKROOT; };
		9F24FC89161AAC0100A93048 /* CoreGraphics.framework */ = {isa = PBXFileReference; lastKnownFileType = wrapper.framework; name = CoreGraphics.framework; path = System/Library/Frameworks/CoreGraphics.framework; sourceTree = SDKROOT; };
		9F24FC8D161AAC0100A93048 /* TentStatusExample-Info.plist */ = {isa = PBXFileReference; lastKnownFileType = text.plist.xml; path = "TentStatusExample-Info.plist"; sourceTree = "<group>"; };
		9F24FC8F161AAC0100A93048 /* en */ = {isa = PBXFileReference; lastKnownFileType = text.plist.strings; name = en; path = en.lproj/InfoPlist.strings; sourceTree = "<group>"; };
		9F24FC91161AAC0100A93048 /* main.m */ = {isa = PBXFileReference; lastKnownFileType = sourcecode.c.objc; path = main.m; sourceTree = "<group>"; };
		9F24FC93161AAC0100A93048 /* TentStatusExample-Prefix.pch */ = {isa = PBXFileReference; lastKnownFileType = sourcecode.c.h; path = "TentStatusExample-Prefix.pch"; sourceTree = "<group>"; };
		9F24FC94161AAC0100A93048 /* AppDelegate.h */ = {isa = PBXFileReference; lastKnownFileType = sourcecode.c.h; path = AppDelegate.h; sourceTree = "<group>"; };
		9F24FC95161AAC0100A93048 /* AppDelegate.m */ = {isa = PBXFileReference; lastKnownFileType = sourcecode.c.objc; path = AppDelegate.m; sourceTree = "<group>"; };
		9F24FC97161AAC0200A93048 /* Default.png */ = {isa = PBXFileReference; lastKnownFileType = image.png; path = Default.png; sourceTree = "<group>"; };
		9F24FC99161AAC0200A93048 /* Default@2x.png */ = {isa = PBXFileReference; lastKnownFileType = image.png; path = "Default@2x.png"; sourceTree = "<group>"; };
		9F24FC9B161AAC0200A93048 /* Default-568h@2x.png */ = {isa = PBXFileReference; lastKnownFileType = image.png; path = "Default-568h@2x.png"; sourceTree = "<group>"; };
		9F24FC9E161AAC0200A93048 /* en */ = {isa = PBXFileReference; lastKnownFileType = file.storyboard; name = en; path = en.lproj/MainStoryboard.storyboard; sourceTree = "<group>"; };
		9F24FCA0161AAC0200A93048 /* TimelineViewController.h */ = {isa = PBXFileReference; lastKnownFileType = sourcecode.c.h; path = TimelineViewController.h; sourceTree = "<group>"; };
		9F24FCA1161AAC0200A93048 /* TimelineViewController.m */ = {isa = PBXFileReference; lastKnownFileType = sourcecode.c.objc; path = TimelineViewController.m; sourceTree = "<group>"; };
		9F24FCB3161AB09500A93048 /* TPTentClient.h */ = {isa = PBXFileReference; fileEncoding = 4; lastKnownFileType = sourcecode.c.h; path = TPTentClient.h; sourceTree = "<group>"; };
		9F24FCB4161AB09500A93048 /* TPTentClient.m */ = {isa = PBXFileReference; fileEncoding = 4; lastKnownFileType = sourcecode.c.objc; path = TPTentClient.m; sourceTree = "<group>"; };
		9F24FE41161AB0BE00A93048 /* NSData+SSToolkitAdditions.h */ = {isa = PBXFileReference; fileEncoding = 4; lastKnownFileType = sourcecode.c.h; path = "NSData+SSToolkitAdditions.h"; sourceTree = "<group>"; };
		9F24FE42161AB0BE00A93048 /* NSData+SSToolkitAdditions.m */ = {isa = PBXFileReference; fileEncoding = 4; lastKnownFileType = sourcecode.c.objc; path = "NSData+SSToolkitAdditions.m"; sourceTree = "<group>"; };
		9F24FE45161AB0BE00A93048 /* NSDictionary+SSToolkitAdditions.h */ = {isa = PBXFileReference; fileEncoding = 4; lastKnownFileType = sourcecode.c.h; path = "NSDictionary+SSToolkitAdditions.h"; sourceTree = "<group>"; };
		9F24FE46161AB0BE00A93048 /* NSDictionary+SSToolkitAdditions.m */ = {isa = PBXFileReference; fileEncoding = 4; lastKnownFileType = sourcecode.c.objc; path = "NSDictionary+SSToolkitAdditions.m"; sourceTree = "<group>"; };
		9F24FE4B161AB0BE00A93048 /* NSString+SSToolkitAdditions.h */ = {isa = PBXFileReference; fileEncoding = 4; lastKnownFileType = sourcecode.c.h; path = "NSString+SSToolkitAdditions.h"; sourceTree = "<group>"; };
		9F24FE4C161AB0BE00A93048 /* NSString+SSToolkitAdditions.m */ = {isa = PBXFileReference; fileEncoding = 4; lastKnownFileType = sourcecode.c.objc; path = "NSString+SSToolkitAdditions.m"; sourceTree = "<group>"; };
		9F24FE4D161AB0BE00A93048 /* NSURL+SSToolkitAdditions.h */ = {isa = PBXFileReference; fileEncoding = 4; lastKnownFileType = sourcecode.c.h; path = "NSURL+SSToolkitAdditions.h"; sourceTree = "<group>"; };
		9F24FE4E161AB0BE00A93048 /* NSURL+SSToolkitAdditions.m */ = {isa = PBXFileReference; fileEncoding = 4; lastKnownFileType = sourcecode.c.objc; path = "NSURL+SSToolkitAdditions.m"; sourceTree = "<group>"; };
		9F24FED8161AB0C500A93048 /* AFHTTPClient.h */ = {isa = PBXFileReference; fileEncoding = 4; lastKnownFileType = sourcecode.c.h; path = AFHTTPClient.h; sourceTree = "<group>"; };
		9F24FED9161AB0C500A93048 /* AFHTTPClient.m */ = {isa = PBXFileReference; fileEncoding = 4; lastKnownFileType = sourcecode.c.objc; path = AFHTTPClient.m; sourceTree = "<group>"; };
		9F24FEDA161AB0C500A93048 /* AFHTTPRequestOperation.h */ = {isa = PBXFileReference; fileEncoding = 4; lastKnownFileType = sourcecode.c.h; path = AFHTTPRequestOperation.h; sourceTree = "<group>"; };
		9F24FEDB161AB0C500A93048 /* AFHTTPRequestOperation.m */ = {isa = PBXFileReference; fileEncoding = 4; lastKnownFileType = sourcecode.c.objc; path = AFHTTPRequestOperation.m; sourceTree = "<group>"; };
		9F24FEDC161AB0C500A93048 /* AFImageRequestOperation.h */ = {isa = PBXFileReference; fileEncoding = 4; lastKnownFileType = sourcecode.c.h; path = AFImageRequestOperation.h; sourceTree = "<group>"; };
		9F24FEDD161AB0C500A93048 /* AFImageRequestOperation.m */ = {isa = PBXFileReference; fileEncoding = 4; lastKnownFileType = sourcecode.c.objc; path = AFImageRequestOperation.m; sourceTree = "<group>"; };
		9F24FEDE161AB0C500A93048 /* AFJSONRequestOperation.h */ = {isa = PBXFileReference; fileEncoding = 4; lastKnownFileType = sourcecode.c.h; path = AFJSONRequestOperation.h; sourceTree = "<group>"; };
		9F24FEDF161AB0C500A93048 /* AFJSONRequestOperation.m */ = {isa = PBXFileReference; fileEncoding = 4; lastKnownFileType = sourcecode.c.objc; path = AFJSONRequestOperation.m; sourceTree = "<group>"; };
		9F24FEE0161AB0C500A93048 /* AFNetworkActivityIndicatorManager.h */ = {isa = PBXFileReference; fileEncoding = 4; lastKnownFileType = sourcecode.c.h; path = AFNetworkActivityIndicatorManager.h; sourceTree = "<group>"; };
		9F24FEE1161AB0C500A93048 /* AFNetworkActivityIndicatorManager.m */ = {isa = PBXFileReference; fileEncoding = 4; lastKnownFileType = sourcecode.c.objc; path = AFNetworkActivityIndicatorManager.m; sourceTree = "<group>"; };
		9F24FEE2161AB0C500A93048 /* AFNetworking.h */ = {isa = PBXFileReference; fileEncoding = 4; lastKnownFileType = sourcecode.c.h; path = AFNetworking.h; sourceTree = "<group>"; };
		9F24FEE3161AB0C500A93048 /* AFPropertyListRequestOperation.h */ = {isa = PBXFileReference; fileEncoding = 4; lastKnownFileType = sourcecode.c.h; path = AFPropertyListRequestOperation.h; sourceTree = "<group>"; };
		9F24FEE4161AB0C500A93048 /* AFPropertyListRequestOperation.m */ = {isa = PBXFileReference; fileEncoding = 4; lastKnownFileType = sourcecode.c.objc; path = AFPropertyListRequestOperation.m; sourceTree = "<group>"; };
		9F24FEE5161AB0C500A93048 /* AFURLConnectionOperation.h */ = {isa = PBXFileReference; fileEncoding = 4; lastKnownFileType = sourcecode.c.h; path = AFURLConnectionOperation.h; sourceTree = "<group>"; };
		9F24FEE6161AB0C500A93048 /* AFURLConnectionOperation.m */ = {isa = PBXFileReference; fileEncoding = 4; lastKnownFileType = sourcecode.c.objc; path = AFURLConnectionOperation.m; sourceTree = "<group>"; };
		9F24FEE7161AB0C500A93048 /* AFXMLRequestOperation.h */ = {isa = PBXFileReference; fileEncoding = 4; lastKnownFileType = sourcecode.c.h; path = AFXMLRequestOperation.h; sourceTree = "<group>"; };
		9F24FEE8161AB0C500A93048 /* AFXMLRequestOperation.m */ = {isa = PBXFileReference; fileEncoding = 4; lastKnownFileType = sourcecode.c.objc; path = AFXMLRequestOperation.m; sourceTree = "<group>"; };
		9F24FEE9161AB0C500A93048 /* UIImageView+AFNetworking.h */ = {isa = PBXFileReference; fileEncoding = 4; lastKnownFileType = sourcecode.c.h; path = "UIImageView+AFNetworking.h"; sourceTree = "<group>"; };
		9F24FEEA161AB0C500A93048 /* UIImageView+AFNetworking.m */ = {isa = PBXFileReference; fileEncoding = 4; lastKnownFileType = sourcecode.c.objc; path = "UIImageView+AFNetworking.m"; sourceTree = "<group>"; };
		9F24FEF4161AB1D900A93048 /* TentStatusClient.h */ = {isa = PBXFileReference; fileEncoding = 4; lastKnownFileType = sourcecode.c.h; path = TentStatusClient.h; sourceTree = "<group>"; };
		9F24FEF5161AB1D900A93048 /* TentStatusClient.m */ = {isa = PBXFileReference; fileEncoding = 4; lastKnownFileType = sourcecode.c.objc; path = TentStatusClient.m; sourceTree = "<group>"; };
		9F24FEFF161AB80E00A93048 /* TPTentHTTPClient.h */ = {isa = PBXFileReference; lastKnownFileType = sourcecode.c.h; path = TPTentHTTPClient.h; sourceTree = "<group>"; };
		9F24FF00161AB80E00A93048 /* TPTentHTTPClient.m */ = {isa = PBXFileReference; lastKnownFileType = sourcecode.c.objc; path = TPTentHTTPClient.m; sourceTree = "<group>"; };
		9FB912E1161ACAC10092FA0F /* StatusPost.h */ = {isa = PBXFileReference; fileEncoding = 4; lastKnownFileType = sourcecode.c.h; path = StatusPost.h; sourceTree = "<group>"; };
		9FB912E2161ACAC10092FA0F /* StatusPost.m */ = {isa = PBXFileReference; fileEncoding = 4; lastKnownFileType = sourcecode.c.objc; path = StatusPost.m; sourceTree = "<group>"; };
		9FB912EC161B0AC40092FA0F /* StatusPostCell.h */ = {isa = PBXFileReference; fileEncoding = 4; lastKnownFileType = sourcecode.c.h; path = StatusPostCell.h; sourceTree = "<group>"; };
		9FB912ED161B0AC40092FA0F /* StatusPostCell.m */ = {isa = PBXFileReference; fileEncoding = 4; lastKnownFileType = sourcecode.c.objc; path = StatusPostCell.m; sourceTree = "<group>"; };
/* End PBXFileReference section */

/* Begin PBXFrameworksBuildPhase section */
		9F24FC7E161AAC0100A93048 /* Frameworks */ = {
			isa = PBXFrameworksBuildPhase;
			buildActionMask = 2147483647;
			files = (
				9F24FC86161AAC0100A93048 /* UIKit.framework in Frameworks */,
				9F24FC88161AAC0100A93048 /* Foundation.framework in Frameworks */,
				9F24FC8A161AAC0100A93048 /* CoreGraphics.framework in Frameworks */,
			);
			runOnlyForDeploymentPostprocessing = 0;
		};
/* End PBXFrameworksBuildPhase section */

/* Begin PBXGroup section */
		9F24FC76161AAC0100A93048 = {
			isa = PBXGroup;
			children = (
				9F24FC8B161AAC0100A93048 /* TentStatusExample */,
				9F24FCB0161AAECE00A93048 /* Vendor */,
				9F24FC84161AAC0100A93048 /* Frameworks */,
				9F24FC82161AAC0100A93048 /* Products */,
			);
			sourceTree = "<group>";
		};
		9F24FC82161AAC0100A93048 /* Products */ = {
			isa = PBXGroup;
			children = (
				9F24FC81161AAC0100A93048 /* TentStatusExample.app */,
			);
			name = Products;
			sourceTree = "<group>";
		};
		9F24FC84161AAC0100A93048 /* Frameworks */ = {
			isa = PBXGroup;
			children = (
				9F24FC85161AAC0100A93048 /* UIKit.framework */,
				9F24FC87161AAC0100A93048 /* Foundation.framework */,
				9F24FC89161AAC0100A93048 /* CoreGraphics.framework */,
			);
			name = Frameworks;
			sourceTree = "<group>";
		};
		9F24FC8B161AAC0100A93048 /* TentStatusExample */ = {
			isa = PBXGroup;
			children = (
				9F24FC94161AAC0100A93048 /* AppDelegate.h */,
				9F24FC95161AAC0100A93048 /* AppDelegate.m */,
				9F24FEF4161AB1D900A93048 /* TentStatusClient.h */,
				9F24FEF5161AB1D900A93048 /* TentStatusClient.m */,
				9FB912E5161ACAD60092FA0F /* Models */,
				9FB912E6161ACAE50092FA0F /* Views */,
				9FB912E7161ACAF30092FA0F /* Controllers */,
				9F24FC8C161AAC0100A93048 /* Supporting Files */,
			);
			path = TentStatusExample;
			sourceTree = "<group>";
		};
		9F24FC8C161AAC0100A93048 /* Supporting Files */ = {
			isa = PBXGroup;
			children = (
				9F24FC8D161AAC0100A93048 /* TentStatusExample-Info.plist */,
				9F24FC8E161AAC0100A93048 /* InfoPlist.strings */,
				9F24FC91161AAC0100A93048 /* main.m */,
				9F24FC93161AAC0100A93048 /* TentStatusExample-Prefix.pch */,
				9F24FC97161AAC0200A93048 /* Default.png */,
				9F24FC99161AAC0200A93048 /* Default@2x.png */,
				9F24FC9B161AAC0200A93048 /* Default-568h@2x.png */,
			);
			name = "Supporting Files";
			sourceTree = "<group>";
		};
		9F24FCB0161AAECE00A93048 /* Vendor */ = {
			isa = PBXGroup;
			children = (
				9F24FCB2161AB09500A93048 /* TPTentClient */,
				9F24FED7161AB0C500A93048 /* AFNetworking */,
				9F24FE3C161AB0BE00A93048 /* SSToolkit */,
			);
			name = Vendor;
			sourceTree = "<group>";
		};
		9F24FCB2161AB09500A93048 /* TPTentClient */ = {
			isa = PBXGroup;
			children = (
				9F24FCB3161AB09500A93048 /* TPTentClient.h */,
				9F24FCB4161AB09500A93048 /* TPTentClient.m */,
				9F24FEFF161AB80E00A93048 /* TPTentHTTPClient.h */,
				9F24FF00161AB80E00A93048 /* TPTentHTTPClient.m */,
			);
			name = TPTentClient;
			path = ../TPTentClient;
			sourceTree = "<group>";
		};
		9F24FE3C161AB0BE00A93048 /* SSToolkit */ = {
			isa = PBXGroup;
			children = (
				9F24FE41161AB0BE00A93048 /* NSData+SSToolkitAdditions.h */,
				9F24FE42161AB0BE00A93048 /* NSData+SSToolkitAdditions.m */,
				9F24FE45161AB0BE00A93048 /* NSDictionary+SSToolkitAdditions.h */,
				9F24FE46161AB0BE00A93048 /* NSDictionary+SSToolkitAdditions.m */,
				9F24FE4B161AB0BE00A93048 /* NSString+SSToolkitAdditions.h */,
				9F24FE4C161AB0BE00A93048 /* NSString+SSToolkitAdditions.m */,
				9F24FE4D161AB0BE00A93048 /* NSURL+SSToolkitAdditions.h */,
				9F24FE4E161AB0BE00A93048 /* NSURL+SSToolkitAdditions.m */,
			);
			name = SSToolkit;
			path = Vendor/SSToolkit/SSToolkit;
			sourceTree = "<group>";
		};
		9F24FED7161AB0C500A93048 /* AFNetworking */ = {
			isa = PBXGroup;
			children = (
				9F24FED8161AB0C500A93048 /* AFHTTPClient.h */,
				9F24FED9161AB0C500A93048 /* AFHTTPClient.m */,
				9F24FEDA161AB0C500A93048 /* AFHTTPRequestOperation.h */,
				9F24FEDB161AB0C500A93048 /* AFHTTPRequestOperation.m */,
				9F24FEDC161AB0C500A93048 /* AFImageRequestOperation.h */,
				9F24FEDD161AB0C500A93048 /* AFImageRequestOperation.m */,
				9F24FEDE161AB0C500A93048 /* AFJSONRequestOperation.h */,
				9F24FEDF161AB0C500A93048 /* AFJSONRequestOperation.m */,
				9F24FEE0161AB0C500A93048 /* AFNetworkActivityIndicatorManager.h */,
				9F24FEE1161AB0C500A93048 /* AFNetworkActivityIndicatorManager.m */,
				9F24FEE2161AB0C500A93048 /* AFNetworking.h */,
				9F24FEE3161AB0C500A93048 /* AFPropertyListRequestOperation.h */,
				9F24FEE4161AB0C500A93048 /* AFPropertyListRequestOperation.m */,
				9F24FEE5161AB0C500A93048 /* AFURLConnectionOperation.h */,
				9F24FEE6161AB0C500A93048 /* AFURLConnectionOperation.m */,
				9F24FEE7161AB0C500A93048 /* AFXMLRequestOperation.h */,
				9F24FEE8161AB0C500A93048 /* AFXMLRequestOperation.m */,
				9F24FEE9161AB0C500A93048 /* UIImageView+AFNetworking.h */,
				9F24FEEA161AB0C500A93048 /* UIImageView+AFNetworking.m */,
			);
			name = AFNetworking;
			path = Vendor/AFNetworking/AFNetworking;
			sourceTree = "<group>";
		};
		9FB912E5161ACAD60092FA0F /* Models */ = {
			isa = PBXGroup;
			children = (
				9FB912E1161ACAC10092FA0F /* StatusPost.h */,
				9FB912E2161ACAC10092FA0F /* StatusPost.m */,
			);
			name = Models;
			sourceTree = "<group>";
		};
		9FB912E6161ACAE50092FA0F /* Views */ = {
			isa = PBXGroup;
			children = (
				9F24FC9D161AAC0200A93048 /* MainStoryboard.storyboard */,
				9FB912EC161B0AC40092FA0F /* StatusPostCell.h */,
				9FB912ED161B0AC40092FA0F /* StatusPostCell.m */,
			);
			name = Views;
			sourceTree = "<group>";
		};
		9FB912E7161ACAF30092FA0F /* Controllers */ = {
			isa = PBXGroup;
			children = (
				9F24FCA0161AAC0200A93048 /* TimelineViewController.h */,
				9F24FCA1161AAC0200A93048 /* TimelineViewController.m */,
			);
			name = Controllers;
			sourceTree = "<group>";
		};
/* End PBXGroup section */

/* Begin PBXNativeTarget section */
		9F24FC80161AAC0100A93048 /* TentStatusExample */ = {
			isa = PBXNativeTarget;
			buildConfigurationList = 9F24FCA5161AAC0200A93048 /* Build configuration list for PBXNativeTarget "TentStatusExample" */;
			buildPhases = (
				9F24FC7D161AAC0100A93048 /* Sources */,
				9F24FC7E161AAC0100A93048 /* Frameworks */,
				9F24FC7F161AAC0100A93048 /* Resources */,
			);
			buildRules = (
			);
			dependencies = (
			);
			name = TentStatusExample;
			productName = TentStatusExample;
			productReference = 9F24FC81161AAC0100A93048 /* TentStatusExample.app */;
			productType = "com.apple.product-type.application";
		};
/* End PBXNativeTarget section */

/* Begin PBXProject section */
		9F24FC78161AAC0100A93048 /* Project object */ = {
			isa = PBXProject;
			attributes = {
				LastUpgradeCheck = 0450;
				ORGANIZATIONNAME = "Thoughtful Pixel";
			};
			buildConfigurationList = 9F24FC7B161AAC0100A93048 /* Build configuration list for PBXProject "TentStatusExample" */;
			compatibilityVersion = "Xcode 3.2";
			developmentRegion = English;
			hasScannedForEncodings = 0;
			knownRegions = (
				en,
				de,
				es,
				fr,
				id,
				it,
				ja,
				ko,
				ms,
				nl,
				pt,
				pt_PT,
				ru,
				sv,
				zh_Hans,
				zh_Hant,
			);
			mainGroup = 9F24FC76161AAC0100A93048;
			productRefGroup = 9F24FC82161AAC0100A93048 /* Products */;
			projectDirPath = "";
			projectRoot = "";
			targets = (
				9F24FC80161AAC0100A93048 /* TentStatusExample */,
			);
		};
/* End PBXProject section */

/* Begin PBXResourcesBuildPhase section */
		9F24FC7F161AAC0100A93048 /* Resources */ = {
			isa = PBXResourcesBuildPhase;
			buildActionMask = 2147483647;
			files = (
				9F24FC90161AAC0100A93048 /* InfoPlist.strings in Resources */,
				9F24FC98161AAC0200A93048 /* Default.png in Resources */,
				9F24FC9A161AAC0200A93048 /* Default@2x.png in Resources */,
				9F24FC9C161AAC0200A93048 /* Default-568h@2x.png in Resources */,
				9F24FC9F161AAC0200A93048 /* MainStoryboard.storyboard in Resources */,
			);
			runOnlyForDeploymentPostprocessing = 0;
		};
/* End PBXResourcesBuildPhase section */

/* Begin PBXSourcesBuildPhase section */
		9F24FC7D161AAC0100A93048 /* Sources */ = {
			isa = PBXSourcesBuildPhase;
			buildActionMask = 2147483647;
			files = (
				9F24FC92161AAC0100A93048 /* main.m in Sources */,
				9F24FC96161AAC0100A93048 /* AppDelegate.m in Sources */,
				9F24FCA2161AAC0200A93048 /* TimelineViewController.m in Sources */,
				9F24FCB5161AB09500A93048 /* TPTentClient.m in Sources */,
				9F24FEA7161AB0BE00A93048 /* NSData+SSToolkitAdditions.m in Sources */,
				9F24FEA9161AB0BE00A93048 /* NSDictionary+SSToolkitAdditions.m in Sources */,
				9F24FEAC161AB0BE00A93048 /* NSString+SSToolkitAdditions.m in Sources */,
				9F24FEAD161AB0BE00A93048 /* NSURL+SSToolkitAdditions.m in Sources */,
				9F24FEEB161AB0C500A93048 /* AFHTTPClient.m in Sources */,
				9F24FEEC161AB0C500A93048 /* AFHTTPRequestOperation.m in Sources */,
				9F24FEED161AB0C500A93048 /* AFImageRequestOperation.m in Sources */,
				9F24FEEE161AB0C500A93048 /* AFJSONRequestOperation.m in Sources */,
				9F24FEEF161AB0C500A93048 /* AFNetworkActivityIndicatorManager.m in Sources */,
				9F24FEF0161AB0C500A93048 /* AFPropertyListRequestOperation.m in Sources */,
				9F24FEF1161AB0C500A93048 /* AFURLConnectionOperation.m in Sources */,
				9F24FEF2161AB0C500A93048 /* AFXMLRequestOperation.m in Sources */,
				9F24FEF3161AB0C500A93048 /* UIImageView+AFNetworking.m in Sources */,
				9F24FEF6161AB1DA00A93048 /* TentStatusClient.m in Sources */,
				9F24FF01161AC6CF00A93048 /* TPTentHTTPClient.m in Sources */,
				9FB912E3161ACAC20092FA0F /* StatusPost.m in Sources */,
				9FB912EE161B0AC40092FA0F /* StatusPostCell.m in Sources */,
			);
			runOnlyForDeploymentPostprocessing = 0;
		};
/* End PBXSourcesBuildPhase section */

/* Begin PBXVariantGroup section */
		9F24FC8E161AAC0100A93048 /* InfoPlist.strings */ = {
			isa = PBXVariantGroup;
			children = (
				9F24FC8F161AAC0100A93048 /* en */,
			);
			name = InfoPlist.strings;
			sourceTree = "<group>";
		};
		9F24FC9D161AAC0200A93048 /* MainStoryboard.storyboard */ = {
			isa = PBXVariantGroup;
			children = (
				9F24FC9E161AAC0200A93048 /* en */,
			);
			name = MainStoryboard.storyboard;
			sourceTree = "<group>";
		};
/* End PBXVariantGroup section */

/* Begin XCBuildConfiguration section */
		9F24FCA3161AAC0200A93048 /* Debug */ = {
			isa = XCBuildConfiguration;
			buildSettings = {
				ALWAYS_SEARCH_USER_PATHS = NO;
				CLANG_CXX_LANGUAGE_STANDARD = "gnu++0x";
				CLANG_CXX_LIBRARY = "libc++";
				CLANG_ENABLE_OBJC_ARC = YES;
				CLANG_WARN_EMPTY_BODY = YES;
				CLANG_WARN__DUPLICATE_METHOD_MATCH = YES;
				"CODE_SIGN_IDENTITY[sdk=iphoneos*]" = "iPhone Developer";
				COPY_PHASE_STRIP = NO;
				GCC_C_LANGUAGE_STANDARD = gnu99;
				GCC_DYNAMIC_NO_PIC = NO;
				GCC_OPTIMIZATION_LEVEL = 0;
				GCC_PREPROCESSOR_DEFINITIONS = (
					"DEBUG=1",
					"$(inherited)",
				);
				GCC_SYMBOLS_PRIVATE_EXTERN = NO;
				GCC_WARN_ABOUT_RETURN_TYPE = YES;
				GCC_WARN_UNINITIALIZED_AUTOS = YES;
				GCC_WARN_UNUSED_VARIABLE = YES;
				IPHONEOS_DEPLOYMENT_TARGET = 6.0;
				SDKROOT = iphoneos;
			};
			name = Debug;
		};
		9F24FCA4161AAC0200A93048 /* Release */ = {
			isa = XCBuildConfiguration;
			buildSettings = {
				ALWAYS_SEARCH_USER_PATHS = NO;
				CLANG_CXX_LANGUAGE_STANDARD = "gnu++0x";
				CLANG_CXX_LIBRARY = "libc++";
				CLANG_ENABLE_OBJC_ARC = YES;
				CLANG_WARN_EMPTY_BODY = YES;
				CLANG_WARN__DUPLICATE_METHOD_MATCH = YES;
				"CODE_SIGN_IDENTITY[sdk=iphoneos*]" = "iPhone Developer";
				COPY_PHASE_STRIP = YES;
				GCC_C_LANGUAGE_STANDARD = gnu99;
				GCC_WARN_ABOUT_RETURN_TYPE = YES;
				GCC_WARN_UNINITIALIZED_AUTOS = YES;
				GCC_WARN_UNUSED_VARIABLE = YES;
				IPHONEOS_DEPLOYMENT_TARGET = 6.0;
				OTHER_CFLAGS = "-DNS_BLOCK_ASSERTIONS=1";
				SDKROOT = iphoneos;
				VALIDATE_PRODUCT = YES;
			};
			name = Release;
		};
		9F24FCA6161AAC0200A93048 /* Debug */ = {
			isa = XCBuildConfiguration;
			buildSettings = {
				FRAMEWORK_SEARCH_PATHS = (
					"$(inherited)",
					"\"$(SRCROOT)/Vendor/SSToolkit/Tests\"",
				);
				GCC_PRECOMPILE_PREFIX_HEADER = YES;
				GCC_PREFIX_HEADER = "TentStatusExample/TentStatusExample-Prefix.pch";
				INFOPLIST_FILE = "TentStatusExample/TentStatusExample-Info.plist";
				PRODUCT_NAME = "$(TARGET_NAME)";
				WRAPPER_EXTENSION = app;
			};
			name = Debug;
		};
		9F24FCA7161AAC0200A93048 /* Release */ = {
			isa = XCBuildConfiguration;
			buildSettings = {
				FRAMEWORK_SEARCH_PATHS = (
					"$(inherited)",
					"\"$(SRCROOT)/Vendor/SSToolkit/Tests\"",
				);
				GCC_PRECOMPILE_PREFIX_HEADER = YES;
				GCC_PREFIX_HEADER = "TentStatusExample/TentStatusExample-Prefix.pch";
				INFOPLIST_FILE = "TentStatusExample/TentStatusExample-Info.plist";
				PRODUCT_NAME = "$(TARGET_NAME)";
				WRAPPER_EXTENSION = app;
			};
			name = Release;
		};
/* End XCBuildConfiguration section */

/* Begin XCConfigurationList section */
		9F24FC7B161AAC0100A93048 /* Build configuration list for PBXProject "TentStatusExample" */ = {
			isa = XCConfigurationList;
			buildConfigurations = (
				9F24FCA3161AAC0200A93048 /* Debug */,
				9F24FCA4161AAC0200A93048 /* Release */,
			);
			defaultConfigurationIsVisible = 0;
			defaultConfigurationName = Release;
		};
		9F24FCA5161AAC0200A93048 /* Build configuration list for PBXNativeTarget "TentStatusExample" */ = {
			isa = XCConfigurationList;
			buildConfigurations = (
				9F24FCA6161AAC0200A93048 /* Debug */,
				9F24FCA7161AAC0200A93048 /* Release */,
			);
			defaultConfigurationIsVisible = 0;
			defaultConfigurationName = Release;
		};
/* End XCConfigurationList section */
	};
	rootObject = 9F24FC78161AAC0100A93048 /* Project object */;
}
